
Microsoft Visual Studio Solution File, Format Version 12.00
# Visual Studio Version 16
VisualStudioVersion = 16.0.30309.148
MinimumVisualStudioVersion = 10.0.40219.1
Project("{FAE04EC0-301F-11D3-BF4B-00C04F79EFBC}") = "LibUnderTest", "LibUnderTest\LibUnderTest.csproj", "{7169AB1F-7304-426A-A474-95DEC34645EB}"
EndProject
Project("{FAE04EC0-301F-11D3-BF4B-00C04F79EFBC}") = "LibUnderTest.Tests", "LibUnderTest.Tests\LibUnderTest.Tests.csproj", "{4A1EA1A3-1459-42BD-9621-923BD2CADF89}"
EndProject
Global
	GlobalSection(SolutionConfigurationPlatforms) = preSolution
		Debug|Any CPU = Debug|Any CPU
		Release|Any CPU = Release|Any CPU
	EndGlobalSection
	GlobalSection(ProjectConfigurationPlatforms) = postSolution
		{7169AB1F-7304-426A-A474-95DEC34645EB}.Debug|Any CPU.ActiveCfg = Debug|Any CPU
		{7169AB1F-7304-426A-A474-95DEC34645EB}.Debug|Any CPU.Build.0 = Debug|Any CPU
		{7169AB1F-7304-426A-A474-95DEC34645EB}.Release|Any CPU.ActiveCfg = Release|Any CPU
		{7169AB1F-7304-426A-A474-95DEC34645EB}.Release|Any CPU.Build.0 = Release|Any CPU
		{4A1EA1A3-1459-42BD-9621-923BD2CADF89}.Debug|Any CPU.ActiveCfg = Debug|Any CPU
		{4A1EA1A3-1459-42BD-9621-923BD2CADF89}.Debug|Any CPU.Build.0 = Debug|Any CPU
		{4A1EA1A3-1459-42BD-9621-923BD2CADF89}.Release|Any CPU.ActiveCfg = Release|Any CPU
		{4A1EA1A3-1459-42BD-9621-923BD2CADF89}.Release|Any CPU.Build.0 = Release|Any CPU
	EndGlobalSection
	GlobalSection(SolutionProperties) = preSolution
		HideSolutionNode = FALSE
	EndGlobalSection
	GlobalSection(ExtensibilityGlobals) = postSolution
		SolutionGuid = {217B569C-40B9-4C19-B579-E7E53492462A}
	EndGlobalSection
EndGlobal
